
Microsoft Visual Studio Solution File, Format Version 12.00
# Visual Studio Version 18
VisualStudioVersion = 18.9.12105.275
MinimumVisualStudioVersion = 10.0.40219.1
Project("{FAE04EC0-301F-11D3-BF4B-00C04F79EFBC}") = "ParrotAgent-Kenel", "ParrotAgent-Kenel\ParrotAgent-Kenel.csproj", "{0DC0355B-002E-4A19-8411-86EF1F312DE5}"
EndProject
Project("{FAE04EC0-301F-11D3-BF4B-00C04F79EFBC}") = "ParrotAgent-NUI", "ParrotAgent-NUI\ParrotAgent-NUI.csproj", "{703F3E49-5334-4F05-AA66-DD719E9FEB06}"
EndProject
Project("{FAE04EC0-301F-11D3-BF4B-00C04F79EFBC}") = "ParrotAgent-Tool", "ParrotAgent-Tool\ParrotAgent-Tool.csproj", "{AC61EC5E-CB10-437B-91B4-0AA69EFA3153}"
EndProject
Project("{FAE04EC0-301F-11D3-BF4B-00C04F79EFBC}") = "ParrotAgent-OpenAI", "ParrotAgent-OpenAI\ParrotAgent-OpenAI.csproj", "{AC2D19F2-8641-414F-A15D-719E1ED56E09}"
EndProject
Project("{FAE04EC0-301F-11D3-BF4B-00C04F79EFBC}") = "ParrotAgent-App", "ParrotAgent-App\ParrotAgent-App.csproj", "{4CE9BAC6-F8A6-4596-96E2-5A57A59A84C2}"
EndProject
Global
	GlobalSection(SolutionConfigurationPlatforms) = preSolution
		Debug|Any CPU = Debug|Any CPU
		Release|Any CPU = Release|Any CPU
	EndGlobalSection
	GlobalSection(ProjectConfigurationPlatforms) = postSolution
		{0DC0355B-002E-4A19-8411-86EF1F312DE5}.Debug|Any CPU.ActiveCfg = Debug|Any CPU
		{0DC0355B-002E-4A19-8411-86EF1F312DE5}.Debug|Any CPU.Build.0 = Debug|Any CPU
		{0DC0355B-002E-4A19-8411-86EF1F312DE5}.Release|Any CPU.ActiveCfg = Release|Any CPU
		{0DC0355B-002E-4A19-8411-86EF1F312DE5}.Release|Any CPU.Build.0 = Release|Any CPU
		{703F3E49-5334-4F05-AA66-DD719E9FEB06}.Debug|Any CPU.ActiveCfg = Debug|Any CPU
		{703F3E49-5334-4F05-AA66-DD719E9FEB06}.Debug|Any CPU.Build.0 = Debug|Any CPU
		{703F3E49-5334-4F05-AA66-DD719E9FEB06}.Release|Any CPU.ActiveCfg = Release|Any CPU
		{703F3E49-5334-4F05-AA66-DD719E9FEB06}.Release|Any CPU.Build.0 = Release|Any CPU
		{AC61EC5E-CB10-437B-91B4-0AA69EFA3153}.Debug|Any CPU.ActiveCfg = Debug|Any CPU
		{AC61EC5E-CB10-437B-91B4-0AA69EFA3153}.Debug|Any CPU.Build.0 = Debug|Any CPU
		{AC61EC5E-CB10-437B-91B4-0AA69EFA3153}.Release|Any CPU.ActiveCfg = Release|Any CPU
		{AC61EC5E-CB10-437B-91B4-0AA69EFA3153}.Release|Any CPU.Build.0 = Release|Any CPU
		{AC2D19F2-8641-414F-A15D-719E1ED56E09}.Debug|Any CPU.ActiveCfg = Debug|Any CPU
		{AC2D19F2-8641-414F-A15D-719E1ED56E09}.Debug|Any CPU.Build.0 = Debug|Any CPU
		{AC2D19F2-8641-414F-A15D-719E1ED56E09}.Release|Any CPU.ActiveCfg = Release|Any CPU
		{AC2D19F2-8641-414F-A15D-719E1ED56E09}.Release|Any CPU.Build.0 = Release|Any CPU
		{4CE9BAC6-F8A6-4596-96E2-5A57A59A84C2}.Debug|Any CPU.ActiveCfg = Debug|Any CPU
		{4CE9BAC6-F8A6-4596-96E2-5A57A59A84C2}.Debug|Any CPU.Build.0 = Debug|Any CPU
		{4CE9BAC6-F8A6-4596-96E2-5A57A59A84C2}.Release|Any CPU.ActiveCfg = Release|Any CPU
		{4CE9BAC6-F8A6-4596-96E2-5A57A59A84C2}.Release|Any CPU.Build.0 = Release|Any CPU
	EndGlobalSection
	GlobalSection(SolutionProperties) = preSolution
		HideSolutionNode = FALSE
	EndGlobalSection
	GlobalSection(ExtensibilityGlobals) = postSolution
		SolutionGuid = {E2A16F55-8D7E-4F3E-B427-3E5FDBA73F59}
	EndGlobalSection
EndGlobal
