
Microsoft Visual Studio Solution File, Format Version 12.00
# Visual Studio Version 17
VisualStudioVersion = 17.14.36414.22
MinimumVisualStudioVersion = 10.0.40219.1
Project("{FAE04EC0-301F-11D3-BF4B-00C04F79EFBC}") = "ParrotAgent-Kenel", "ParrotAgent-Kenel\ParrotAgent-Kenel.csproj", "{0DC0355B-002E-4A19-8411-86EF1F312DE5}"
EndProject
Project("{FAE04EC0-301F-11D3-BF4B-00C04F79EFBC}") = "ParrotAgent-TUI", "ParrotAgent-TUI\ParrotAgent-TUI.csproj", "{48D1F33B-5222-456C-A413-413180E755EE}"
EndProject
Global
	GlobalSection(SolutionConfigurationPlatforms) = preSolution
		Debug|Any CPU = Debug|Any CPU
		Release|Any CPU = Release|Any CPU
	EndGlobalSection
	GlobalSection(ProjectConfigurationPlatforms) = postSolution
		{0DC0355B-002E-4A19-8411-86EF1F312DE5}.Debug|Any CPU.ActiveCfg = Debug|Any CPU
		{0DC0355B-002E-4A19-8411-86EF1F312DE5}.Debug|Any CPU.Build.0 = Debug|Any CPU
		{0DC0355B-002E-4A19-8411-86EF1F312DE5}.Release|Any CPU.ActiveCfg = Release|Any CPU
		{0DC0355B-002E-4A19-8411-86EF1F312DE5}.Release|Any CPU.Build.0 = Release|Any CPU
		{48D1F33B-5222-456C-A413-413180E755EE}.Debug|Any CPU.ActiveCfg = Debug|Any CPU
		{48D1F33B-5222-456C-A413-413180E755EE}.Debug|Any CPU.Build.0 = Debug|Any CPU
		{48D1F33B-5222-456C-A413-413180E755EE}.Release|Any CPU.ActiveCfg = Release|Any CPU
		{48D1F33B-5222-456C-A413-413180E755EE}.Release|Any CPU.Build.0 = Release|Any CPU
	EndGlobalSection
	GlobalSection(SolutionProperties) = preSolution
		HideSolutionNode = FALSE
	EndGlobalSection
	GlobalSection(ExtensibilityGlobals) = postSolution
		SolutionGuid = {E2A16F55-8D7E-4F3E-B427-3E5FDBA73F59}
	EndGlobalSection
EndGlobal
